
Microsoft Visual Studio Solution File, Format Version 12.00
# Visual Studio Version 16
VisualStudioVersion = 16.0.31911.196
MinimumVisualStudioVersion = 10.0.40219.1
Project("{FAE04EC0-301F-11D3-BF4B-00C04F79EFBC}") = "covid-app", "covid-app\covid-app.csproj", "{991F2331-297E-4145-9169-36C2CC3A8851}"
EndProject
Global
	GlobalSection(SolutionConfigurationPlatforms) = preSolution
		Debug|Any CPU = Debug|Any CPU
		Release|Any CPU = Release|Any CPU
	EndGlobalSection
	GlobalSection(ProjectConfigurationPlatforms) = postSolution
		{991F2331-297E-4145-9169-36C2CC3A8851}.Debug|Any CPU.ActiveCfg = Debug|Any CPU
		{991F2331-297E-4145-9169-36C2CC3A8851}.Debug|Any CPU.Build.0 = Debug|Any CPU
		{991F2331-297E-4145-9169-36C2CC3A8851}.Release|Any CPU.ActiveCfg = Release|Any CPU
		{991F2331-297E-4145-9169-36C2CC3A8851}.Release|Any CPU.Build.0 = Release|Any CPU
	EndGlobalSection
	GlobalSection(SolutionProperties) = preSolution
		HideSolutionNode = FALSE
	EndGlobalSection
	GlobalSection(ExtensibilityGlobals) = postSolution
		SolutionGuid = {9D2FDFC4-481E-49CB-8A19-A59E65346EA9}
	EndGlobalSection
EndGlobal
